Microsoft Visual Studio Solution File, Format Version 12.00
# Visual Studio 2012
Project("{FAE04EC0-301F-11D3-BF4B-00C04F79EFBC}") = "Test 1", "Test 1.csproj", "{DC911D1B-A78C-45D3-B6E3-AA8F66E81936}"
EndProject
Global
	GlobalSection(SolutionConfigurationPlatforms) = preSolution
	Debug|Any CPU = Debug|Any CPU
	ExportDebug|Any CPU = ExportDebug|Any CPU
	ExportRelease|Any CPU = ExportRelease|Any CPU
	EndGlobalSection
	GlobalSection(ProjectConfigurationPlatforms) = postSolution
		{DC911D1B-A78C-45D3-B6E3-AA8F66E81936}.Debug|Any CPU.ActiveCfg = Debug|Any CPU
		{DC911D1B-A78C-45D3-B6E3-AA8F66E81936}.Debug|Any CPU.Build.0 = Debug|Any CPU
		{DC911D1B-A78C-45D3-B6E3-AA8F66E81936}.ExportDebug|Any CPU.ActiveCfg = ExportDebug|Any CPU
		{DC911D1B-A78C-45D3-B6E3-AA8F66E81936}.ExportDebug|Any CPU.Build.0 = ExportDebug|Any CPU
		{DC911D1B-A78C-45D3-B6E3-AA8F66E81936}.ExportRelease|Any CPU.ActiveCfg = ExportRelease|Any CPU
		{DC911D1B-A78C-45D3-B6E3-AA8F66E81936}.ExportRelease|Any CPU.Build.0 = ExportRelease|Any CPU
	EndGlobalSection
EndGlobal
